
Microsoft Visual Studio Solution File, Format Version 12.00
# Visual Studio Version 17
VisualStudioVersion = 17.8.34525.116
MinimumVisualStudioVersion = 10.0.40219.1
Project("{FAE04EC0-301F-11D3-BF4B-00C04F79EFBC}") = "Console0a100", "Console0a100\Console0a100.csproj", "{FBE29F6F-1CDA-4E83-A7F5-37E8ABC9E422}"
EndProject
Global
	GlobalSection(SolutionConfigurationPlatforms) = preSolution
		Debug|Any CPU = Debug|Any CPU
		Release|Any CPU = Release|Any CPU
	EndGlobalSection
	GlobalSection(ProjectConfigurationPlatforms) = postSolution
		{FBE29F6F-1CDA-4E83-A7F5-37E8ABC9E422}.Debug|Any CPU.ActiveCfg = Debug|Any CPU
		{FBE29F6F-1CDA-4E83-A7F5-37E8ABC9E422}.Debug|Any CPU.Build.0 = Debug|Any CPU
		{FBE29F6F-1CDA-4E83-A7F5-37E8ABC9E422}.Release|Any CPU.ActiveCfg = Release|Any CPU
		{FBE29F6F-1CDA-4E83-A7F5-37E8ABC9E422}.Release|Any CPU.Build.0 = Release|Any CPU
	EndGlobalSection
	GlobalSection(SolutionProperties) = preSolution
		HideSolutionNode = FALSE
	EndGlobalSection
	GlobalSection(ExtensibilityGlobals) = postSolution
		SolutionGuid = {E4E003F4-0616-4292-B1DD-F24F7934410F}
	EndGlobalSection
EndGlobal
